Microsoft Visual Studio Solution File, Format Version 12.00
# Visual Studio Version 17
VisualStudioVersion = 17.5.2.0
MinimumVisualStudioVersion = 10.0.40219.1
Project("{FAE04EC0-301F-11D3-BF4B-00C04F79EFBC}") = "Tuplas", "Tuplas.csproj", "{720DF0A0-C3FA-3B00-2032-F8502694996D}"
EndProject
Global
	GlobalSection(SolutionConfigurationPlatforms) = preSolution
		Debug|Any CPU = Debug|Any CPU
		Release|Any CPU = Release|Any CPU
	EndGlobalSection
	GlobalSection(ProjectConfigurationPlatforms) = postSolution
		{720DF0A0-C3FA-3B00-2032-F8502694996D}.Debug|Any CPU.ActiveCfg = Debug|Any CPU
		{720DF0A0-C3FA-3B00-2032-F8502694996D}.Debug|Any CPU.Build.0 = Debug|Any CPU
		{720DF0A0-C3FA-3B00-2032-F8502694996D}.Release|Any CPU.ActiveCfg = Release|Any CPU
		{720DF0A0-C3FA-3B00-2032-F8502694996D}.Release|Any CPU.Build.0 = Release|Any CPU
	EndGlobalSection
	GlobalSection(SolutionProperties) = preSolution
		HideSolutionNode = FALSE
	EndGlobalSection
	GlobalSection(ExtensibilityGlobals) = postSolution
		SolutionGuid = {FBAD685E-5D87-48EB-897B-F6F4537D2578}
	EndGlobalSection
EndGlobal
